
Microsoft Visual Studio Solution File, Format Version 12.00
# Visual Studio 14
VisualStudioVersion = 14.0.24720.0
MinimumVisualStudioVersion = 10.0.40219.1
Project("{FAE04EC0-301F-11D3-BF4B-00C04F79EFBC}") = "AsyncIO", "AsyncIO\AsyncIO.csproj", "{86F9D0C2-E016-41D5-913B-22A0B2C965D9}"
EndProject
Global
	GlobalSection(SolutionConfigurationPlatforms) = preSolution
		Debug|Any CPU = Debug|Any CPU
		Release|Any CPU = Release|Any CPU
	EndGlobalSection
	GlobalSection(ProjectConfigurationPlatforms) = postSolution
		{86F9D0C2-E016-41D5-913B-22A0B2C965D9}.Debug|Any CPU.ActiveCfg = Debug|Any CPU
		{86F9D0C2-E016-41D5-913B-22A0B2C965D9}.Debug|Any CPU.Build.0 = Debug|Any CPU
		{86F9D0C2-E016-41D5-913B-22A0B2C965D9}.Release|Any CPU.ActiveCfg = Release|Any CPU
		{86F9D0C2-E016-41D5-913B-22A0B2C965D9}.Release|Any CPU.Build.0 = Release|Any CPU
	EndGlobalSection
	GlobalSection(SolutionProperties) = preSolution
		HideSolutionNode = FALSE
	EndGlobalSection
EndGlobal
